
Microsoft Visual Studio Solution File, Format Version 12.00
# Visual Studio Version 16
VisualStudioVersion = 16.0.31605.320
MinimumVisualStudioVersion = 10.0.40219.1
Project("{FAE04EC0-301F-11D3-BF4B-00C04F79EFBC}") = "SeleniumE2E", "SeleniumE2E\SeleniumE2E.csproj", "{CEE4C802-744E-405E-B24A-E58A7263A66B}"
EndProject
Global
	GlobalSection(SolutionConfigurationPlatforms) = preSolution
		Debug|Any CPU = Debug|Any CPU
		Release|Any CPU = Release|Any CPU
	EndGlobalSection
	GlobalSection(ProjectConfigurationPlatforms) = postSolution
		{CEE4C802-744E-405E-B24A-E58A7263A66B}.Debug|Any CPU.ActiveCfg = Debug|Any CPU
		{CEE4C802-744E-405E-B24A-E58A7263A66B}.Debug|Any CPU.Build.0 = Debug|Any CPU
		{CEE4C802-744E-405E-B24A-E58A7263A66B}.Release|Any CPU.ActiveCfg = Release|Any CPU
		{CEE4C802-744E-405E-B24A-E58A7263A66B}.Release|Any CPU.Build.0 = Release|Any CPU
	EndGlobalSection
	GlobalSection(SolutionProperties) = preSolution
		HideSolutionNode = FALSE
	EndGlobalSection
	GlobalSection(ExtensibilityGlobals) = postSolution
		SolutionGuid = {B86443B0-1272-41A3-86E4-6B552CAA310E}
	EndGlobalSection
EndGlobal
